
Microsoft Visual Studio Solution File, Format Version 12.00
# Visual Studio Version 16
VisualStudioVersion = 16.0.29806.167
MinimumVisualStudioVersion = 10.0.40219.1
Project("{9A19103F-16F7-4668-BE54-9A1E7A4F7556}") = "RowCardGameEngine", "RowCardGameEngine\RowCardGameEngine.csproj", "{55636924-BEAE-4F4D-9210-B926A52698BB}"
EndProject
Project("{9A19103F-16F7-4668-BE54-9A1E7A4F7556}") = "TestClient.Console", "TestClient.Console\TestClient.Console.csproj", "{7A7015AC-E352-4490-897C-4508E362F95F}"
EndProject
Project("{9A19103F-16F7-4668-BE54-9A1E7A4F7556}") = "RowCardManagement.Console", "RowCardManagement.Console\RowCardManagement.Console.csproj", "{44AB69D3-EBEA-4525-A985-9333A9C9DADA}"
EndProject
Project("{9A19103F-16F7-4668-BE54-9A1E7A4F7556}") = "RowCardGameEngine.Tests", "RowCardGameEngine.Tests\RowCardGameEngine.Tests.csproj", "{2FDBFDAB-A3AA-4E38-B9DC-889FD7AED29E}"
EndProject
Project("{9A19103F-16F7-4668-BE54-9A1E7A4F7556}") = "RowCardServiceClient", "RowCardServiceClient\RowCardServiceClient.csproj", "{FDDD681C-6B4F-4696-BC32-124B7E6B4162}"
EndProject
Project("{9A19103F-16F7-4668-BE54-9A1E7A4F7556}") = "RowCardMgmtApp", "RowCardMgmtApp\RowCardMgmtApp.csproj", "{097A7BA1-CB61-4E85-93F9-10F2A758A121}"
EndProject
Project("{FAE04EC0-301F-11D3-BF4B-00C04F79EFBC}") = "RowCardAdminApp", "RowCardAdminApp\RowCardAdminApp.csproj", "{B487FB20-5DD5-4DD9-8301-306A9F1EFD40}"
EndProject
Global
	GlobalSection(SolutionConfigurationPlatforms) = preSolution
		Debug|Any CPU = Debug|Any CPU
		Release|Any CPU = Release|Any CPU
	EndGlobalSection
	GlobalSection(ProjectConfigurationPlatforms) = postSolution
		{55636924-BEAE-4F4D-9210-B926A52698BB}.Debug|Any CPU.ActiveCfg = Debug|Any CPU
		{55636924-BEAE-4F4D-9210-B926A52698BB}.Debug|Any CPU.Build.0 = Debug|Any CPU
		{55636924-BEAE-4F4D-9210-B926A52698BB}.Release|Any CPU.ActiveCfg = Release|Any CPU
		{55636924-BEAE-4F4D-9210-B926A52698BB}.Release|Any CPU.Build.0 = Release|Any CPU
		{7A7015AC-E352-4490-897C-4508E362F95F}.Debug|Any CPU.ActiveCfg = Debug|Any CPU
		{7A7015AC-E352-4490-897C-4508E362F95F}.Debug|Any CPU.Build.0 = Debug|Any CPU
		{7A7015AC-E352-4490-897C-4508E362F95F}.Release|Any CPU.ActiveCfg = Release|Any CPU
		{7A7015AC-E352-4490-897C-4508E362F95F}.Release|Any CPU.Build.0 = Release|Any CPU
		{44AB69D3-EBEA-4525-A985-9333A9C9DADA}.Debug|Any CPU.ActiveCfg = Debug|Any CPU
		{44AB69D3-EBEA-4525-A985-9333A9C9DADA}.Debug|Any CPU.Build.0 = Debug|Any CPU
		{44AB69D3-EBEA-4525-A985-9333A9C9DADA}.Release|Any CPU.ActiveCfg = Release|Any CPU
		{44AB69D3-EBEA-4525-A985-9333A9C9DADA}.Release|Any CPU.Build.0 = Release|Any CPU
		{2FDBFDAB-A3AA-4E38-B9DC-889FD7AED29E}.Debug|Any CPU.ActiveCfg = Debug|Any CPU
		{2FDBFDAB-A3AA-4E38-B9DC-889FD7AED29E}.Debug|Any CPU.Build.0 = Debug|Any CPU
		{2FDBFDAB-A3AA-4E38-B9DC-889FD7AED29E}.Release|Any CPU.ActiveCfg = Release|Any CPU
		{2FDBFDAB-A3AA-4E38-B9DC-889FD7AED29E}.Release|Any CPU.Build.0 = Release|Any CPU
		{FDDD681C-6B4F-4696-BC32-124B7E6B4162}.Debug|Any CPU.ActiveCfg = Debug|Any CPU
		{FDDD681C-6B4F-4696-BC32-124B7E6B4162}.Debug|Any CPU.Build.0 = Debug|Any CPU
		{FDDD681C-6B4F-4696-BC32-124B7E6B4162}.Release|Any CPU.ActiveCfg = Release|Any CPU
		{FDDD681C-6B4F-4696-BC32-124B7E6B4162}.Release|Any CPU.Build.0 = Release|Any CPU
		{097A7BA1-CB61-4E85-93F9-10F2A758A121}.Debug|Any CPU.ActiveCfg = Debug|Any CPU
		{097A7BA1-CB61-4E85-93F9-10F2A758A121}.Debug|Any CPU.Build.0 = Debug|Any CPU
		{097A7BA1-CB61-4E85-93F9-10F2A758A121}.Release|Any CPU.ActiveCfg = Release|Any CPU
		{097A7BA1-CB61-4E85-93F9-10F2A758A121}.Release|Any CPU.Build.0 = Release|Any CPU
		{B487FB20-5DD5-4DD9-8301-306A9F1EFD40}.Debug|Any CPU.ActiveCfg = Debug|Any CPU
		{B487FB20-5DD5-4DD9-8301-306A9F1EFD40}.Debug|Any CPU.Build.0 = Debug|Any CPU
		{B487FB20-5DD5-4DD9-8301-306A9F1EFD40}.Release|Any CPU.ActiveCfg = Release|Any CPU
		{B487FB20-5DD5-4DD9-8301-306A9F1EFD40}.Release|Any CPU.Build.0 = Release|Any CPU
	EndGlobalSection
	GlobalSection(SolutionProperties) = preSolution
		HideSolutionNode = FALSE
	EndGlobalSection
	GlobalSection(ExtensibilityGlobals) = postSolution
		SolutionGuid = {CA582C09-E727-4972-A7F2-9283381EC9B4}
	EndGlobalSection
EndGlobal
